
Microsoft Visual Studio Solution File, Format Version 12.00
# Visual Studio Version 17
VisualStudioVersion = 17.6.33829.357
MinimumVisualStudioVersion = 10.0.40219.1
Project("{FAE04EC0-301F-11D3-BF4B-00C04F79EFBC}") = "Agent", "Agent\Agent.csproj", "{BAF37095-B8D4-4D33-8FE6-D26C6B5B7D93}"
EndProject
Project("{9A19103F-16F7-4668-BE54-9A1E7A4F7556}") = "Sdk", "Sdk\Sdk.csproj", "{0A049FB9-B483-476D-9C91-6BD624EA66A0}"
EndProject
Project("{2150E333-8FDC-42A3-9474-1A3956D46DE8}") = "Websites", "Websites", "{D2C031F5-E16D-4CB8-B8AA-AA57BE5663A0}"
EndProject
Project("{9A19103F-16F7-4668-BE54-9A1E7A4F7556}") = "YNet", "Websites\YNet\YNet.csproj", "{00987497-728A-4CD5-9B47-D5E619AC6117}"
EndProject
Project("{9A19103F-16F7-4668-BE54-9A1E7A4F7556}") = "Walla!", "Websites\Walla!\Walla!.csproj", "{AF590A0C-BD77-4943-84F4-2899361FC39A}"
EndProject
Global
	GlobalSection(SolutionConfigurationPlatforms) = preSolution
		Debug|Any CPU = Debug|Any CPU
		Release|Any CPU = Release|Any CPU
	EndGlobalSection
	GlobalSection(ProjectConfigurationPlatforms) = postSolution
		{BAF37095-B8D4-4D33-8FE6-D26C6B5B7D93}.Debug|Any CPU.ActiveCfg = Debug|Any CPU
		{BAF37095-B8D4-4D33-8FE6-D26C6B5B7D93}.Debug|Any CPU.Build.0 = Debug|Any CPU
		{BAF37095-B8D4-4D33-8FE6-D26C6B5B7D93}.Release|Any CPU.ActiveCfg = Release|Any CPU
		{BAF37095-B8D4-4D33-8FE6-D26C6B5B7D93}.Release|Any CPU.Build.0 = Release|Any CPU
		{0A049FB9-B483-476D-9C91-6BD624EA66A0}.Debug|Any CPU.ActiveCfg = Debug|Any CPU
		{0A049FB9-B483-476D-9C91-6BD624EA66A0}.Debug|Any CPU.Build.0 = Debug|Any CPU
		{0A049FB9-B483-476D-9C91-6BD624EA66A0}.Release|Any CPU.ActiveCfg = Release|Any CPU
		{0A049FB9-B483-476D-9C91-6BD624EA66A0}.Release|Any CPU.Build.0 = Release|Any CPU
		{00987497-728A-4CD5-9B47-D5E619AC6117}.Debug|Any CPU.ActiveCfg = Debug|Any CPU
		{00987497-728A-4CD5-9B47-D5E619AC6117}.Debug|Any CPU.Build.0 = Debug|Any CPU
		{00987497-728A-4CD5-9B47-D5E619AC6117}.Release|Any CPU.ActiveCfg = Release|Any CPU
		{00987497-728A-4CD5-9B47-D5E619AC6117}.Release|Any CPU.Build.0 = Release|Any CPU
		{AF590A0C-BD77-4943-84F4-2899361FC39A}.Debug|Any CPU.ActiveCfg = Debug|Any CPU
		{AF590A0C-BD77-4943-84F4-2899361FC39A}.Debug|Any CPU.Build.0 = Debug|Any CPU
		{AF590A0C-BD77-4943-84F4-2899361FC39A}.Release|Any CPU.ActiveCfg = Release|Any CPU
		{AF590A0C-BD77-4943-84F4-2899361FC39A}.Release|Any CPU.Build.0 = Release|Any CPU
	EndGlobalSection
	GlobalSection(SolutionProperties) = preSolution
		HideSolutionNode = FALSE
	EndGlobalSection
	GlobalSection(NestedProjects) = preSolution
		{00987497-728A-4CD5-9B47-D5E619AC6117} = {D2C031F5-E16D-4CB8-B8AA-AA57BE5663A0}
		{AF590A0C-BD77-4943-84F4-2899361FC39A} = {D2C031F5-E16D-4CB8-B8AA-AA57BE5663A0}
	EndGlobalSection
	GlobalSection(ExtensibilityGlobals) = postSolution
		SolutionGuid = {DEECCF11-A7CF-4E7A-9B0E-70215454374C}
	EndGlobalSection
EndGlobal
